
Microsoft Visual Studio Solution File, Format Version 12.00
# Visual Studio Version 16
VisualStudioVersion = 16.0.31025.194
MinimumVisualStudioVersion = 10.0.40219.1
Project("{9A19103F-16F7-4668-BE54-9A1E7A4F7556}") = "KampIntro", "KampIntro\KampIntro.csproj", "{B0A52445-6729-46F0-A75A-4AA9A3B09E13}"
EndProject
Project("{9A19103F-16F7-4668-BE54-9A1E7A4F7556}") = "Donguler", "Donguler\Donguler.csproj", "{3F86E568-8CCF-4DB3-9892-55C967D6B220}"
EndProject
Project("{9A19103F-16F7-4668-BE54-9A1E7A4F7556}") = "ClassIntro", "ClassIntro\ClassIntro.csproj", "{8B28063F-C1EF-497A-A6D3-6EF3EE569DCF}"
EndProject
Project("{9A19103F-16F7-4668-BE54-9A1E7A4F7556}") = "Metodlar", "Metodlar\Metodlar.csproj", "{06572FCF-ECBF-4878-8D3E-AC0C910F2C4A}"
EndProject
Project("{9A19103F-16F7-4668-BE54-9A1E7A4F7556}") = "Matematik", "Matematik\Matematik.csproj", "{7477D4AF-BC15-493A-805F-04AB47113D81}"
EndProject
Project("{9A19103F-16F7-4668-BE54-9A1E7A4F7556}") = "DegerVeReferansTipler", "DegerVeReferansTipler\DegerVeReferansTipler.csproj", "{E57EB293-F118-4299-87D7-BE74D5A89E9C}"
EndProject
Project("{9A19103F-16F7-4668-BE54-9A1E7A4F7556}") = "ClassMetotDemo", "ClassMetotDemo\ClassMetotDemo.csproj", "{6C38CF07-7A63-4129-9CDA-CC7FC92139B5}"
EndProject
Project("{9A19103F-16F7-4668-BE54-9A1E7A4F7556}") = "OOP1", "OOP1\OOP1.csproj", "{C7B71C45-64A6-406B-A5B0-82F279E5FB2B}"
EndProject
Project("{9A19103F-16F7-4668-BE54-9A1E7A4F7556}") = "Collections", "Collections\Collections.csproj", "{429591A8-9EDC-4D7B-A769-3FDD2B613083}"
EndProject
Project("{9A19103F-16F7-4668-BE54-9A1E7A4F7556}") = "GenericsIntro", "GenericsIntro\GenericsIntro.csproj", "{02FB46D8-5B92-45F7-BFA8-DA100C3D6CC4}"
EndProject
Project("{FAE04EC0-301F-11D3-BF4B-00C04F79EFBC}") = "MyDictionary", "MyDictionary\MyDictionary.csproj", "{E0D5EF25-FC8A-4253-B36F-FA0A94901F88}"
EndProject
Global
	GlobalSection(SolutionConfigurationPlatforms) = preSolution
		Debug|Any CPU = Debug|Any CPU
		Release|Any CPU = Release|Any CPU
	EndGlobalSection
	GlobalSection(ProjectConfigurationPlatforms) = postSolution
		{B0A52445-6729-46F0-A75A-4AA9A3B09E13}.Debug|Any CPU.ActiveCfg = Debug|Any CPU
		{B0A52445-6729-46F0-A75A-4AA9A3B09E13}.Debug|Any CPU.Build.0 = Debug|Any CPU
		{B0A52445-6729-46F0-A75A-4AA9A3B09E13}.Release|Any CPU.ActiveCfg = Release|Any CPU
		{B0A52445-6729-46F0-A75A-4AA9A3B09E13}.Release|Any CPU.Build.0 = Release|Any CPU
		{3F86E568-8CCF-4DB3-9892-55C967D6B220}.Debug|Any CPU.ActiveCfg = Debug|Any CPU
		{3F86E568-8CCF-4DB3-9892-55C967D6B220}.Debug|Any CPU.Build.0 = Debug|Any CPU
		{3F86E568-8CCF-4DB3-9892-55C967D6B220}.Release|Any CPU.ActiveCfg = Release|Any CPU
		{3F86E568-8CCF-4DB3-9892-55C967D6B220}.Release|Any CPU.Build.0 = Release|Any CPU
		{8B28063F-C1EF-497A-A6D3-6EF3EE569DCF}.Debug|Any CPU.ActiveCfg = Debug|Any CPU
		{8B28063F-C1EF-497A-A6D3-6EF3EE569DCF}.Debug|Any CPU.Build.0 = Debug|Any CPU
		{8B28063F-C1EF-497A-A6D3-6EF3EE569DCF}.Release|Any CPU.ActiveCfg = Release|Any CPU
		{8B28063F-C1EF-497A-A6D3-6EF3EE569DCF}.Release|Any CPU.Build.0 = Release|Any CPU
		{06572FCF-ECBF-4878-8D3E-AC0C910F2C4A}.Debug|Any CPU.ActiveCfg = Debug|Any CPU
		{06572FCF-ECBF-4878-8D3E-AC0C910F2C4A}.Debug|Any CPU.Build.0 = Debug|Any CPU
		{06572FCF-ECBF-4878-8D3E-AC0C910F2C4A}.Release|Any CPU.ActiveCfg = Release|Any CPU
		{06572FCF-ECBF-4878-8D3E-AC0C910F2C4A}.Release|Any CPU.Build.0 = Release|Any CPU
		{7477D4AF-BC15-493A-805F-04AB47113D81}.Debug|Any CPU.ActiveCfg = Debug|Any CPU
		{7477D4AF-BC15-493A-805F-04AB47113D81}.Debug|Any CPU.Build.0 = Debug|Any CPU
		{7477D4AF-BC15-493A-805F-04AB47113D81}.Release|Any CPU.ActiveCfg = Release|Any CPU
		{7477D4AF-BC15-493A-805F-04AB47113D81}.Release|Any CPU.Build.0 = Release|Any CPU
		{E57EB293-F118-4299-87D7-BE74D5A89E9C}.Debug|Any CPU.ActiveCfg = Debug|Any CPU
		{E57EB293-F118-4299-87D7-BE74D5A89E9C}.Debug|Any CPU.Build.0 = Debug|Any CPU
		{E57EB293-F118-4299-87D7-BE74D5A89E9C}.Release|Any CPU.ActiveCfg = Release|Any CPU
		{E57EB293-F118-4299-87D7-BE74D5A89E9C}.Release|Any CPU.Build.0 = Release|Any CPU
		{6C38CF07-7A63-4129-9CDA-CC7FC92139B5}.Debug|Any CPU.ActiveCfg = Debug|Any CPU
		{6C38CF07-7A63-4129-9CDA-CC7FC92139B5}.Debug|Any CPU.Build.0 = Debug|Any CPU
		{6C38CF07-7A63-4129-9CDA-CC7FC92139B5}.Release|Any CPU.ActiveCfg = Release|Any CPU
		{6C38CF07-7A63-4129-9CDA-CC7FC92139B5}.Release|Any CPU.Build.0 = Release|Any CPU
		{C7B71C45-64A6-406B-A5B0-82F279E5FB2B}.Debug|Any CPU.ActiveCfg = Debug|Any CPU
		{C7B71C45-64A6-406B-A5B0-82F279E5FB2B}.Debug|Any CPU.Build.0 = Debug|Any CPU
		{C7B71C45-64A6-406B-A5B0-82F279E5FB2B}.Release|Any CPU.ActiveCfg = Release|Any CPU
		{C7B71C45-64A6-406B-A5B0-82F279E5FB2B}.Release|Any CPU.Build.0 = Release|Any CPU
		{429591A8-9EDC-4D7B-A769-3FDD2B613083}.Debug|Any CPU.ActiveCfg = Debug|Any CPU
		{429591A8-9EDC-4D7B-A769-3FDD2B613083}.Debug|Any CPU.Build.0 = Debug|Any CPU
		{429591A8-9EDC-4D7B-A769-3FDD2B613083}.Release|Any CPU.ActiveCfg = Release|Any CPU
		{429591A8-9EDC-4D7B-A769-3FDD2B613083}.Release|Any CPU.Build.0 = Release|Any CPU
		{02FB46D8-5B92-45F7-BFA8-DA100C3D6CC4}.Debug|Any CPU.ActiveCfg = Debug|Any CPU
		{02FB46D8-5B92-45F7-BFA8-DA100C3D6CC4}.Debug|Any CPU.Build.0 = Debug|Any CPU
		{02FB46D8-5B92-45F7-BFA8-DA100C3D6CC4}.Release|Any CPU.ActiveCfg = Release|Any CPU
		{02FB46D8-5B92-45F7-BFA8-DA100C3D6CC4}.Release|Any CPU.Build.0 = Release|Any CPU
		{E0D5EF25-FC8A-4253-B36F-FA0A94901F88}.Debug|Any CPU.ActiveCfg = Debug|Any CPU
		{E0D5EF25-FC8A-4253-B36F-FA0A94901F88}.Debug|Any CPU.Build.0 = Debug|Any CPU
		{E0D5EF25-FC8A-4253-B36F-FA0A94901F88}.Release|Any CPU.ActiveCfg = Release|Any CPU
		{E0D5EF25-FC8A-4253-B36F-FA0A94901F88}.Release|Any CPU.Build.0 = Release|Any CPU
	EndGlobalSection
	GlobalSection(SolutionProperties) = preSolution
		HideSolutionNode = FALSE
	EndGlobalSection
	GlobalSection(ExtensibilityGlobals) = postSolution
		SolutionGuid = {7BA7BD12-81E4-467C-A940-871A28AA0E7E}
	EndGlobalSection
EndGlobal
